
Microsoft Visual Studio Solution File, Format Version 12.00
Project("{FAE04EC0-301F-11D3-BF4B-00C04F79EFBC}") = "CatGen", "CatGen\CatGen.csproj", "{338DAAE8-0F06-40AF-8C01-1DD680C9C7D2}"
EndProject
Project("{FAE04EC0-301F-11D3-BF4B-00C04F79EFBC}") = "CatGen.DTOs", "CatGen.DTOs\CatGen.DTOs.csproj", "{E5599DAE-5741-4515-9EB3-6D5E4577A3F6}"
EndProject
Project("{FAE04EC0-301F-11D3-BF4B-00C04F79EFBC}") = "CatGen.Editor", "CatGen.Editor\CatGen.Editor.csproj", "{9DFEAD62-A497-42F9-9100-9704D84E59E9}"
EndProject
Project("{FAE04EC0-301F-11D3-BF4B-00C04F79EFBC}") = "CatGen.Interfaces", "CatGen.Interfaces\CatGen.Interfaces.csproj", "{0BA87ACB-4EEA-418A-B88A-D100E199A063}"
EndProject
Project("{FAE04EC0-301F-11D3-BF4B-00C04F79EFBC}") = "CatGen.App", "CatGen.App\CatGen.App.csproj", "{B6B0A5CD-7C0F-4515-9329-AC9B9A0E4341}"
EndProject
Project("{FAE04EC0-301F-11D3-BF4B-00C04F79EFBC}") = "CatGen.Common", "CatGen.Common\CatGen.Common.csproj", "{8DFC8676-5AFF-4E5E-8668-695F7538B097}"
EndProject
Project("{FAE04EC0-301F-11D3-BF4B-00C04F79EFBC}") = "CatGen.Saves", "CatGen.Saves\CatGen.Saves.csproj", "{BA216771-990B-4067-B44A-4A6ED8E8623F}"
EndProject
Global
	GlobalSection(SolutionConfigurationPlatforms) = preSolution
		Debug|Any CPU = Debug|Any CPU
		Release|Any CPU = Release|Any CPU
	EndGlobalSection
	GlobalSection(ProjectConfigurationPlatforms) = postSolution
		{338DAAE8-0F06-40AF-8C01-1DD680C9C7D2}.Debug|Any CPU.ActiveCfg = Debug|Any CPU
		{338DAAE8-0F06-40AF-8C01-1DD680C9C7D2}.Debug|Any CPU.Build.0 = Debug|Any CPU
		{338DAAE8-0F06-40AF-8C01-1DD680C9C7D2}.Release|Any CPU.ActiveCfg = Release|Any CPU
		{338DAAE8-0F06-40AF-8C01-1DD680C9C7D2}.Release|Any CPU.Build.0 = Release|Any CPU
		{E5599DAE-5741-4515-9EB3-6D5E4577A3F6}.Debug|Any CPU.ActiveCfg = Debug|Any CPU
		{E5599DAE-5741-4515-9EB3-6D5E4577A3F6}.Debug|Any CPU.Build.0 = Debug|Any CPU
		{E5599DAE-5741-4515-9EB3-6D5E4577A3F6}.Release|Any CPU.ActiveCfg = Release|Any CPU
		{E5599DAE-5741-4515-9EB3-6D5E4577A3F6}.Release|Any CPU.Build.0 = Release|Any CPU
		{9DFEAD62-A497-42F9-9100-9704D84E59E9}.Debug|Any CPU.ActiveCfg = Debug|Any CPU
		{9DFEAD62-A497-42F9-9100-9704D84E59E9}.Debug|Any CPU.Build.0 = Debug|Any CPU
		{9DFEAD62-A497-42F9-9100-9704D84E59E9}.Release|Any CPU.ActiveCfg = Release|Any CPU
		{9DFEAD62-A497-42F9-9100-9704D84E59E9}.Release|Any CPU.Build.0 = Release|Any CPU
		{0BA87ACB-4EEA-418A-B88A-D100E199A063}.Debug|Any CPU.ActiveCfg = Debug|Any CPU
		{0BA87ACB-4EEA-418A-B88A-D100E199A063}.Debug|Any CPU.Build.0 = Debug|Any CPU
		{0BA87ACB-4EEA-418A-B88A-D100E199A063}.Release|Any CPU.ActiveCfg = Release|Any CPU
		{0BA87ACB-4EEA-418A-B88A-D100E199A063}.Release|Any CPU.Build.0 = Release|Any CPU
		{B6B0A5CD-7C0F-4515-9329-AC9B9A0E4341}.Debug|Any CPU.ActiveCfg = Debug|Any CPU
		{B6B0A5CD-7C0F-4515-9329-AC9B9A0E4341}.Debug|Any CPU.Build.0 = Debug|Any CPU
		{B6B0A5CD-7C0F-4515-9329-AC9B9A0E4341}.Release|Any CPU.ActiveCfg = Release|Any CPU
		{B6B0A5CD-7C0F-4515-9329-AC9B9A0E4341}.Release|Any CPU.Build.0 = Release|Any CPU
		{8DFC8676-5AFF-4E5E-8668-695F7538B097}.Debug|Any CPU.ActiveCfg = Debug|Any CPU
		{8DFC8676-5AFF-4E5E-8668-695F7538B097}.Debug|Any CPU.Build.0 = Debug|Any CPU
		{8DFC8676-5AFF-4E5E-8668-695F7538B097}.Release|Any CPU.ActiveCfg = Release|Any CPU
		{8DFC8676-5AFF-4E5E-8668-695F7538B097}.Release|Any CPU.Build.0 = Release|Any CPU
		{BA216771-990B-4067-B44A-4A6ED8E8623F}.Debug|Any CPU.ActiveCfg = Debug|Any CPU
		{BA216771-990B-4067-B44A-4A6ED8E8623F}.Debug|Any CPU.Build.0 = Debug|Any CPU
		{BA216771-990B-4067-B44A-4A6ED8E8623F}.Release|Any CPU.ActiveCfg = Release|Any CPU
		{BA216771-990B-4067-B44A-4A6ED8E8623F}.Release|Any CPU.Build.0 = Release|Any CPU
	EndGlobalSection
EndGlobal
